
Microsoft Visual Studio Solution File, Format Version 12.00
# Visual Studio Version 17
VisualStudioVersion = 17.3.32922.545
MinimumVisualStudioVersion = 10.0.40219.1
Project("{FAE04EC0-301F-11D3-BF4B-00C04F79EFBC}") = "Cards.API", "Cards.API\Cards.API.csproj", "{DCF344CC-6E38-4412-8259-84860E3A122D}"
EndProject
Global
	GlobalSection(SolutionConfigurationPlatforms) = preSolution
		Debug|Any CPU = Debug|Any CPU
		Release|Any CPU = Release|Any CPU
	EndGlobalSection
	GlobalSection(ProjectConfigurationPlatforms) = postSolution
		{DCF344CC-6E38-4412-8259-84860E3A122D}.Debug|Any CPU.ActiveCfg = Debug|Any CPU
		{DCF344CC-6E38-4412-8259-84860E3A122D}.Debug|Any CPU.Build.0 = Debug|Any CPU
		{DCF344CC-6E38-4412-8259-84860E3A122D}.Release|Any CPU.ActiveCfg = Release|Any CPU
		{DCF344CC-6E38-4412-8259-84860E3A122D}.Release|Any CPU.Build.0 = Release|Any CPU
	EndGlobalSection
	GlobalSection(SolutionProperties) = preSolution
		HideSolutionNode = FALSE
	EndGlobalSection
	GlobalSection(ExtensibilityGlobals) = postSolution
		SolutionGuid = {05A9FA48-FFB0-48FC-8F89-DB02A4943603}
	EndGlobalSection
EndGlobal
